
Microsoft Visual Studio Solution File, Format Version 12.00
# Visual Studio Version 17
VisualStudioVersion = 17.8.34330.188
MinimumVisualStudioVersion = 10.0.40219.1
Project("{2150E333-8FDC-42A3-9474-1A3956D46DE8}") = "Core", "Core", "{A2EE36D0-B430-489E-9B61-C9740954A815}"
EndProject
Project("{2150E333-8FDC-42A3-9474-1A3956D46DE8}") = "Infrastructure", "Infrastructure", "{E905F247-36E2-490C-A684-F68113FC46CD}"
EndProject
Project("{2150E333-8FDC-42A3-9474-1A3956D46DE8}") = "Web", "Web", "{C1ECA9FC-543B-45AF-A4F1-29A5F239D6FD}"
EndProject
Project("{FAE04EC0-301F-11D3-BF4B-00C04F79EFBC}") = "DirectoryDepartments.Domain", "DirectoryDepartments.Domain\DirectoryDepartments.Domain.csproj", "{F02205C3-8695-4C31-8E3D-4D7F98FD49A1}"
EndProject
Project("{FAE04EC0-301F-11D3-BF4B-00C04F79EFBC}") = "DirectoryDepartments.DAL", "DirectoryDepartments.DAL\DirectoryDepartments.DAL.csproj", "{D05CAFEB-9065-4E69-8913-F0B463778059}"
EndProject
Project("{FAE04EC0-301F-11D3-BF4B-00C04F79EFBC}") = "DirectoryDepartments.Application", "DirectoryDepartments.Application\DirectoryDepartments.Application.csproj", "{5CB86E59-31B9-4129-93E1-091E23D54985}"
EndProject
Global
	GlobalSection(SolutionConfigurationPlatforms) = preSolution
		Debug|Any CPU = Debug|Any CPU
		Release|Any CPU = Release|Any CPU
	EndGlobalSection
	GlobalSection(ProjectConfigurationPlatforms) = postSolution
		{F02205C3-8695-4C31-8E3D-4D7F98FD49A1}.Debug|Any CPU.ActiveCfg = Debug|Any CPU
		{F02205C3-8695-4C31-8E3D-4D7F98FD49A1}.Debug|Any CPU.Build.0 = Debug|Any CPU
		{F02205C3-8695-4C31-8E3D-4D7F98FD49A1}.Release|Any CPU.ActiveCfg = Release|Any CPU
		{F02205C3-8695-4C31-8E3D-4D7F98FD49A1}.Release|Any CPU.Build.0 = Release|Any CPU
		{D05CAFEB-9065-4E69-8913-F0B463778059}.Debug|Any CPU.ActiveCfg = Debug|Any CPU
		{D05CAFEB-9065-4E69-8913-F0B463778059}.Debug|Any CPU.Build.0 = Debug|Any CPU
		{D05CAFEB-9065-4E69-8913-F0B463778059}.Release|Any CPU.ActiveCfg = Release|Any CPU
		{D05CAFEB-9065-4E69-8913-F0B463778059}.Release|Any CPU.Build.0 = Release|Any CPU
		{5CB86E59-31B9-4129-93E1-091E23D54985}.Debug|Any CPU.ActiveCfg = Debug|Any CPU
		{5CB86E59-31B9-4129-93E1-091E23D54985}.Debug|Any CPU.Build.0 = Debug|Any CPU
		{5CB86E59-31B9-4129-93E1-091E23D54985}.Release|Any CPU.ActiveCfg = Release|Any CPU
		{5CB86E59-31B9-4129-93E1-091E23D54985}.Release|Any CPU.Build.0 = Release|Any CPU
	EndGlobalSection
	GlobalSection(SolutionProperties) = preSolution
		HideSolutionNode = FALSE
	EndGlobalSection
	GlobalSection(NestedProjects) = preSolution
		{F02205C3-8695-4C31-8E3D-4D7F98FD49A1} = {A2EE36D0-B430-489E-9B61-C9740954A815}
		{D05CAFEB-9065-4E69-8913-F0B463778059} = {E905F247-36E2-490C-A684-F68113FC46CD}
		{5CB86E59-31B9-4129-93E1-091E23D54985} = {A2EE36D0-B430-489E-9B61-C9740954A815}
	EndGlobalSection
	GlobalSection(ExtensibilityGlobals) = postSolution
		SolutionGuid = {95455BCA-DD38-4049-8B1B-DA71CE960D3C}
	EndGlobalSection
EndGlobal
